
Microsoft Visual Studio Solution File, Format Version 12.00
# Visual Studio Version 17
VisualStudioVersion = 17.4.33213.308
MinimumVisualStudioVersion = 10.0.40219.1
Project("{FAE04EC0-301F-11D3-BF4B-00C04F79EFBC}") = "ApplyingSubstitutionsProg", "ApplyingSubstitutionsProg\ApplyingSubstitutionsProg.csproj", "{0BD42366-36DC-43A9-86A7-3BEA8743E840}"
EndProject
Global
	GlobalSection(SolutionConfigurationPlatforms) = preSolution
		Debug|Any CPU = Debug|Any CPU
		Release|Any CPU = Release|Any CPU
	EndGlobalSection
	GlobalSection(ProjectConfigurationPlatforms) = postSolution
		{0BD42366-36DC-43A9-86A7-3BEA8743E840}.Debug|Any CPU.ActiveCfg = Debug|Any CPU
		{0BD42366-36DC-43A9-86A7-3BEA8743E840}.Debug|Any CPU.Build.0 = Debug|Any CPU
		{0BD42366-36DC-43A9-86A7-3BEA8743E840}.Release|Any CPU.ActiveCfg = Release|Any CPU
		{0BD42366-36DC-43A9-86A7-3BEA8743E840}.Release|Any CPU.Build.0 = Release|Any CPU
	EndGlobalSection
	GlobalSection(SolutionProperties) = preSolution
		HideSolutionNode = FALSE
	EndGlobalSection
	GlobalSection(ExtensibilityGlobals) = postSolution
		SolutionGuid = {BBD343EC-C8BA-409E-9CCB-5E775371391C}
	EndGlobalSection
EndGlobal
